// !$*UTF8*$!
{
	archiveVersion = 1;
	classes = {
	};
	objectVersion = 46;
	objects = {

/* Begin PBXBuildFile section */
		6DA997DE1B9A965600F98649 /* main.m in Sources */ = {isa = PBXBuildFile; fileRef = 6DA997DD1B9A965600F98649 /* main.m */; };
		6DA997E11B9A965600F98649 /* AppDelegate.m in Sources */ = {isa = PBXBuildFile; fileRef = 6DA997E01B9A965600F98649 /* AppDelegate.m */; };
		6DA997E41B9A965600F98649 /* ViewController.m in Sources */ = {isa = PBXBuildFile; fileRef = 6DA997E31B9A965600F98649 /* ViewController.m */; };
		6DA997E71B9A965600F98649 /* Main.storyboard in Resources */ = {isa = PBXBuildFile; fileRef = 6DA997E51B9A965600F98649 /* Main.storyboard */; };
		6DA997E91B9A965600F98649 /* Images.xcassets in Resources */ = {isa = PBXBuildFile; fileRef = 6DA997E81B9A965600F98649 /* Images.xcassets */; };
		6DA997EC1B9A965600F98649 /* LaunchScreen.xib in Resources */ = {isa = PBXBuildFile; fileRef = 6DA997EA1B9A965600F98649 /* LaunchScreen.xib */; };
		6DA997F81B9A965600F98649 /* TestSubUICollectionViewFlowLayoutTests.m in Sources */ = {isa = PBXBuildFile; fileRef = 6DA997F71B9A965600F98649 /* TestSubUICollectionViewFlowLayoutTests.m */; };
/* End PBXBuildFile section */

/* Begin PBXContainerItemProxy section */
		6DA997F21B9A965600F98649 /* PBXContainerItemProxy */ = {
			isa = PBXContainerItemProxy;
			containerPortal = 6DA997D01B9A965600F98649 /* Project object */;
			proxyType = 1;
			remoteGlobalIDString = 6DA997D71B9A965600F98649;
			remoteInfo = TestSubUICollectionViewFlowLayout;
		};
/* End PBXContainerItemProxy section */

/* Begin PBXFileReference section */
		6DA997D81B9A965600F98649 /* TestSubUICollectionViewFlowLayout.app */ = {isa = PBXFileReference; explicitFileType = wrapper.application; includeInIndex = 0; path = TestSubUICollectionViewFlowLayout.app; sourceTree = BUILT_PRODUCTS_DIR; };
		6DA997DC1B9A965600F98649 /* Info.plist */ = {isa = PBXFileReference; lastKnownFileType = text.plist.xml; path = Info.plist; sourceTree = "<group>"; };
		6DA997DD1B9A965600F98649 /* main.m */ = {isa = PBXFileReference; lastKnownFileType = sourcecode.c.objc; path = main.m; sourceTree = "<group>"; };
		6DA997DF1B9A965600F98649 /* AppDelegate.h */ = {isa = PBXFileReference; lastKnownFileType = sourcecode.c.h; path = AppDelegate.h; sourceTree = "<group>"; };
		6DA997E01B9A965600F98649 /* AppDelegate.m */ = {isa = PBXFileReference; lastKnownFileType = sourcecode.c.objc; path = AppDelegate.m; sourceTree = "<group>"; };
		6DA997E21B9A965600F98649 /* ViewController.h */ = {isa = PBXFileReference; lastKnownFileType = sourcecode.c.h; path = ViewController.h; sourceTree = "<group>"; };
		6DA997E31B9A965600F98649 /* ViewController.m */ = {isa = PBXFileReference; lastKnownFileType = sourcecode.c.objc; path = ViewController.m; sourceTree = "<group>"; };
		6DA997E61B9A965600F98649 /* Base */ = {isa = PBXFileReference; lastKnownFileType = file.storyboard; name = Base; path = Base.lproj/Main.storyboard; sourceTree = "<group>"; };
		6DA997E81B9A965600F98649 /* Images.xcassets */ = {isa = PBXFileReference; lastKnownFileType = folder.assetcatalog; path = Images.xcassets; sourceTree = "<group>"; };
		6DA997EB1B9A965600F98649 /* Base */ = {isa = PBXFileReference; lastKnownFileType = file.xib; name = Base; path = Base.lproj/LaunchScreen.xib; sourceTree = "<group>"; };
		6DA997F11B9A965600F98649 /* TestSubUICollectionViewFlowLayoutTests.xctest */ = {isa = PBXFileReference; explicitFileType = wrapper.cfbundle; includeInIndex = 0; path = TestSubUICollectionViewFlowLayoutTests.xctest; sourceTree = BUILT_PRODUCTS_DIR; };
		6DA997F61B9A965600F98649 /* Info.plist */ = {isa = PBXFileReference; lastKnownFileType = text.plist.xml; path = Info.plist; sourceTree = "<group>"; };
		6DA997F71B9A965600F98649 /* TestSubUICollectionViewFlowLayoutTests.m */ = {isa = PBXFileReference; lastKnownFileType = sourcecode.c.objc; path = TestSubUICollectionViewFlowLayoutTests.m; sourceTree = "<group>"; };
/* End PBXFileReference section */

/* Begin PBXFrameworksBuildPhase section */
		6DA997D51B9A965600F98649 /* Frameworks */ = {
			isa = PBXFrameworksBuildPhase;
			buildActionMask = 2147483647;
			files = (
			);
			runOnlyForDeploymentPostprocessing = 0;
		};
		6DA997EE1B9A965600F98649 /* Frameworks */ = {
			isa = PBXFrameworksBuildPhase;
			buildActionMask = 2147483647;
			files = (
			);
			runOnlyForDeploymentPostprocessing = 0;
		};
/* End PBXFrameworksBuildPhase section */

/* Begin PBXGroup section */
		6DA997CF1B9A965600F98649 = {
			isa = PBXGroup;
			children = (
				6DA997DA1B9A965600F98649 /* TestSubUICollectionViewFlowLayout */,
				6DA997F41B9A965600F98649 /* TestSubUICollectionViewFlowLayoutTests */,
				6DA997D91B9A965600F98649 /* Products */,
			);
			sourceTree = "<group>";
		};
		6DA997D91B9A965600F98649 /* Products */ = {
			isa = PBXGroup;
			children = (
				6DA997D81B9A965600F98649 /* TestSubUICollectionViewFlowLayout.app */,
				6DA997F11B9A965600F98649 /* TestSubUICollectionViewFlowLayoutTests.xctest */,
			);
			name = Products;
			sourceTree = "<group>";
		};
		6DA997DA1B9A965600F98649 /* TestSubUICollectionViewFlowLayout */ = {
			isa = PBXGroup;
			children = (
				6DA997DF1B9A965600F98649 /* AppDelegate.h */,
				6DA997E01B9A965600F98649 /* AppDelegate.m */,
				6DA997E21B9A965600F98649 /* ViewController.h */,
				6DA997E31B9A965600F98649 /* ViewController.m */,
				6DA997E51B9A965600F98649 /* Main.storyboard */,
				6DA997E81B9A965600F98649 /* Images.xcassets */,
				6DA997EA1B9A965600F98649 /* LaunchScreen.xib */,
				6DA997DB1B9A965600F98649 /* Supporting Files */,
			);
			path = TestSubUICollectionViewFlowLayout;
			sourceTree = "<group>";
		};
		6DA997DB1B9A965600F98649 /* Supporting Files */ = {
			isa = PBXGroup;
			children = (
				6DA997DC1B9A965600F98649 /* Info.plist */,
				6DA997DD1B9A965600F98649 /* main.m */,
			);
			name = "Supporting Files";
			sourceTree = "<group>";
		};
		6DA997F41B9A965600F98649 /* TestSubUICollectionViewFlowLayoutTests */ = {
			isa = PBXGroup;
			children = (
				6DA997F71B9A965600F98649 /* TestSubUICollectionViewFlowLayoutTests.m */,
				6DA997F51B9A965600F98649 /* Supporting Files */,
			);
			path = TestSubUICollectionViewFlowLayoutTests;
			sourceTree = "<group>";
		};
		6DA997F51B9A965600F98649 /* Supporting Files */ = {
			isa = PBXGroup;
			children = (
				6DA997F61B9A965600F98649 /* Info.plist */,
			);
			name = "Supporting Files";
			sourceTree = "<group>";
		};
/* End PBXGroup section */

/* Begin PBXNativeTarget section */
		6DA997D71B9A965600F98649 /* TestSubUICollectionViewFlowLayout */ = {
			isa = PBXNativeTarget;
			buildConfigurationList = 6DA997FB1B9A965600F98649 /* Build configuration list for PBXNativeTarget "TestSubUICollectionViewFlowLayout" */;
			buildPhases = (
				6DA997D41B9A965600F98649 /* Sources */,
				6DA997D51B9A965600F98649 /* Frameworks */,
				6DA997D61B9A965600F98649 /* Resources */,
			);
			buildRules = (
			);
			dependencies = (
			);
			name = TestSubUICollectionViewFlowLayout;
			productName = TestSubUICollectionViewFlowLayout;
			productReference = 6DA997D81B9A965600F98649 /* TestSubUICollectionViewFlowLayout.app */;
			productType = "com.apple.product-type.application";
		};
		6DA997F01B9A965600F98649 /* TestSubUICollectionViewFlowLayoutTests */ = {
			isa = PBXNativeTarget;
			buildConfigurationList = 6DA997FE1B9A965600F98649 /* Build configuration list for PBXNativeTarget "TestSubUICollectionViewFlowLayoutTests" */;
			buildPhases = (
				6DA997ED1B9A965600F98649 /* Sources */,
				6DA997EE1B9A965600F98649 /* Frameworks */,
				6DA997EF1B9A965600F98649 /* Resources */,
			);
			buildRules = (
			);
			dependencies = (
				6DA997F31B9A965600F98649 /* PBXTargetDependency */,
			);
			name = TestSubUICollectionViewFlowLayoutTests;
			productName = TestSubUICollectionViewFlowLayoutTests;
			productReference = 6DA997F11B9A965600F98649 /* TestSubUICollectionViewFlowLayoutTests.xctest */;
			productType = "com.apple.product-type.bundle.unit-test";
		};
/* End PBXNativeTarget section */

/* Begin PBXProject section */
		6DA997D01B9A965600F98649 /* Project object */ = {
			isa = PBXProject;
			attributes = {
				LastUpgradeCheck = 0640;
				ORGANIZATIONNAME = zzqiltw;
				TargetAttributes = {
					6DA997D71B9A965600F98649 = {
						CreatedOnToolsVersion = 6.4;
					};
					6DA997F01B9A965600F98649 = {
						CreatedOnToolsVersion = 6.4;
						TestTargetID = 6DA997D71B9A965600F98649;
					};
				};
			};
			buildConfigurationList = 6DA997D31B9A965600F98649 /* Build configuration list for PBXProject "TestSubUICollectionViewFlowLayout" */;
			compatibilityVersion = "Xcode 3.2";
			developmentRegion = English;
			hasScannedForEncodings = 0;
			knownRegions = (
				en,
				Base,
			);
			mainGroup = 6DA997CF1B9A965600F98649;
			productRefGroup = 6DA997D91B9A965600F98649 /* Products */;
			projectDirPath = "";
			projectRoot = "";
			targets = (
				6DA997D71B9A965600F98649 /* TestSubUICollectionViewFlowLayout */,
				6DA997F01B9A965600F98649 /* TestSubUICollectionViewFlowLayoutTests */,
			);
		};
/* End PBXProject section */

/* Begin PBXResourcesBuildPhase section */
		6DA997D61B9A965600F98649 /* Resources */ = {
			isa = PBXResourcesBuildPhase;
			buildActionMask = 2147483647;
			files = (
				6DA997E71B9A965600F98649 /* Main.storyboard in Resources */,
				6DA997EC1B9A965600F98649 /* LaunchScreen.xib in Resources */,
				6DA997E91B9A965600F98649 /* Images.xcassets in Resources */,
			);
			runOnlyForDeploymentPostprocessing = 0;
		};
		6DA997EF1B9A965600F98649 /* Resources */ = {
			isa = PBXResourcesBuildPhase;
			buildActionMask = 2147483647;
			files = (
			);
			runOnlyForDeploymentPostprocessing = 0;
		};
/* End PBXResourcesBuildPhase section */

/* Begin PBXSourcesBuildPhase section */
		6DA997D41B9A965600F98649 /* Sources */ = {
			isa = PBXSourcesBuildPhase;
			buildActionMask = 2147483647;
			files = (
				6DA997E41B9A965600F98649 /* ViewController.m in Sources */,
				6DA997E11B9A965600F98649 /* AppDelegate.m in Sources */,
				6DA997DE1B9A965600F98649 /* main.m in Sources */,
			);
			runOnlyForDeploymentPostprocessing = 0;
		};
		6DA997ED1B9A965600F98649 /* Sources */ = {
			isa = PBXSourcesBuildPhase;
			buildActionMask = 2147483647;
			files = (
				6DA997F81B9A965600F98649 /* TestSubUICollectionViewFlowLayoutTests.m in Sources */,
			);
			runOnlyForDeploymentPostprocessing = 0;
		};
/* End PBXSourcesBuildPhase section */

/* Begin PBXTargetDependency section */
		6DA997F31B9A965600F98649 /* PBXTargetDependency */ = {
			isa = PBXTargetDependency;
			target = 6DA997D71B9A965600F98649 /* TestSubUICollectionViewFlowLayout */;
			targetProxy = 6DA997F21B9A965600F98649 /* PBXContainerItemProxy */;
		};
/* End PBXTargetDependency section */

/* Begin PBXVariantGroup section */
		6DA997E51B9A965600F98649 /* Main.storyboard */ = {
			isa = PBXVariantGroup;
			children = (
				6DA997E61B9A965600F98649 /* Base */,
			);
			name = Main.storyboard;
			sourceTree = "<group>";
		};
		6DA997EA1B9A965600F98649 /* LaunchScreen.xib */ = {
			isa = PBXVariantGroup;
			children = (
				6DA997EB1B9A965600F98649 /* Base */,
			);
			name = LaunchScreen.xib;
			sourceTree = "<group>";
		};
/* End PBXVariantGroup section */

/* Begin XCBuildConfiguration section */
		6DA997F91B9A965600F98649 /* Debug */ = {
			isa = XCBuildConfiguration;
			buildSettings = {
				ALWAYS_SEARCH_USER_PATHS = NO;
				CLANG_CXX_LANGUAGE_STANDARD = "gnu++0x";
				CLANG_CXX_LIBRARY = "libc++";
				CLANG_ENABLE_MODULES = YES;
				CLANG_ENABLE_OBJC_ARC = YES;
				CLANG_WARN_BOOL_CONVERSION = YES;
				CLANG_WARN_CONSTANT_CONVERSION = YES;
				CLANG_WARN_DIRECT_OBJC_ISA_USAGE = YES_ERROR;
				CLANG_WARN_EMPTY_BODY = YES;
				CLANG_WARN_ENUM_CONVERSION = YES;
				CLANG_WARN_INT_CONVERSION = YES;
				CLANG_WARN_OBJC_ROOT_CLASS = YES_ERROR;
				CLANG_WARN_UNREACHABLE_CODE = YES;
				CLANG_WARN__DUPLICATE_METHOD_MATCH = YES;
				"CODE_SIGN_IDENTITY[sdk=iphoneos*]" = "iPhone Developer";
				COPY_PHASE_STRIP = NO;
				DEBUG_INFORMATION_FORMAT = "dwarf-with-dsym";
				ENABLE_STRICT_OBJC_MSGSEND = YES;
				GCC_C_LANGUAGE_STANDARD = gnu99;
				GCC_DYNAMIC_NO_PIC = NO;
				GCC_NO_COMMON_BLOCKS = YES;
				GCC_OPTIMIZATION_LEVEL = 0;
				GCC_PREPROCESSOR_DEFINITIONS = (
					"DEBUG=1",
					"$(inherited)",
				);
				GCC_SYMBOLS_PRIVATE_EXTERN = NO;
				GCC_WARN_64_TO_32_BIT_CONVERSION = YES;
				GCC_WARN_ABOUT_RETURN_TYPE = YES_ERROR;
				GCC_WARN_UNDECLARED_SELECTOR = YES;
				GCC_WARN_UNINITIALIZED_AUTOS = YES_AGGRESSIVE;
				GCC_WARN_UNUSED_FUNCTION = YES;
				GCC_WARN_UNUSED_VARIABLE = YES;
				IPHONEOS_DEPLOYMENT_TARGET = 8.4;
				MTL_ENABLE_DEBUG_INFO = YES;
				ONLY_ACTIVE_ARCH = YES;
				SDKROOT = iphoneos;
				TARGETED_DEVICE_FAMILY = "1,2";
			};
			name = Debug;
		};
		6DA997FA1B9A965600F98649 /* Release */ = {
			isa = XCBuildConfiguration;
			buildSettings = {
				ALWAYS_SEARCH_USER_PATHS = NO;
				CLANG_CXX_LANGUAGE_STANDARD = "gnu++0x";
				CLANG_CXX_LIBRARY = "libc++";
				CLANG_ENABLE_MODULES = YES;
				CLANG_ENABLE_OBJC_ARC = YES;
				CLANG_WARN_BOOL_CONVERSION = YES;
				CLANG_WARN_CONSTANT_CONVERSION = YES;
				CLANG_WARN_DIRECT_OBJC_ISA_USAGE = YES_ERROR;
				CLANG_WARN_EMPTY_BODY = YES;
				CLANG_WARN_ENUM_CONVERSION = YES;
				CLANG_WARN_INT_CONVERSION = YES;
				CLANG_WARN_OBJC_ROOT_CLASS = YES_ERROR;
				CLANG_WARN_UNREACHABLE_CODE = YES;
				CLANG_WARN__DUPLICATE_METHOD_MATCH = YES;
				"CODE_SIGN_IDENTITY[sdk=iphoneos*]" = "iPhone Developer";
				COPY_PHASE_STRIP = NO;
				DEBUG_INFORMATION_FORMAT = "dwarf-with-dsym";
				ENABLE_NS_ASSERTIONS = NO;
				ENABLE_STRICT_OBJC_MSGSEND = YES;
				GCC_C_LANGUAGE_STANDARD = gnu99;
				GCC_NO_COMMON_BLOCKS = YES;
				GCC_WARN_64_TO_32_BIT_CONVERSION = YES;
				GCC_WARN_ABOUT_RETURN_TYPE = YES_ERROR;
				GCC_WARN_UNDECLARED_SELECTOR = YES;
				GCC_WARN_UNINITIALIZED_AUTOS = YES_AGGRESSIVE;
				GCC_WARN_UNUSED_FUNCTION = YES;
				GCC_WARN_UNUSED_VARIABLE = YES;
				IPHONEOS_DEPLOYMENT_TARGET = 8.4;
				MTL_ENABLE_DEBUG_INFO = NO;
				SDKROOT = iphoneos;
				TARGETED_DEVICE_FAMILY = "1,2";
				VALIDATE_PRODUCT = YES;
			};
			name = Release;
		};
		6DA997FC1B9A965600F98649 /* Debug */ = {
			isa = XCBuildConfiguration;
			buildSettings = {
				ASSETCATALOG_COMPILER_APPICON_NAME = AppIcon;
				INFOPLIST_FILE = TestSubUICollectionViewFlowLayout/Info.plist;
				LD_RUNPATH_SEARCH_PATHS = "$(inherited) @executable_path/Frameworks";
				PRODUCT_NAME = "$(TARGET_NAME)";
			};
			name = Debug;
		};
		6DA997FD1B9A965600F98649 /* Release */ = {
			isa = XCBuildConfiguration;
			buildSettings = {
				ASSETCATALOG_COMPILER_APPICON_NAME = AppIcon;
				INFOPLIST_FILE = TestSubUICollectionViewFlowLayout/Info.plist;
				LD_RUNPATH_SEARCH_PATHS = "$(inherited) @executable_path/Frameworks";
				PRODUCT_NAME = "$(TARGET_NAME)";
			};
			name = Release;
		};
		6DA997FF1B9A965600F98649 /* Debug */ = {
			isa = XCBuildConfiguration;
			buildSettings = {
				BUNDLE_LOADER = "$(TEST_HOST)";
				FRAMEWORK_SEARCH_PATHS = (
					"$(SDKROOT)/Developer/Library/Frameworks",
					"$(inherited)",
				);
				GCC_PREPROCESSOR_DEFINITIONS = (
					"DEBUG=1",
					"$(inherited)",
				);
				INFOPLIST_FILE = TestSubUICollectionViewFlowLayoutTests/Info.plist;
				LD_RUNPATH_SEARCH_PATHS = "$(inherited) @executable_path/Frameworks @loader_path/Frameworks";
				PRODUCT_NAME = "$(TARGET_NAME)";
				TEST_HOST = "$(BUILT_PRODUCTS_DIR)/TestSubUICollectionViewFlowLayout.app/TestSubUICollectionViewFlowLayout";
			};
			name = Debug;
		};
		6DA998001B9A965600F98649 /* Release */ = {
			isa = XCBuildConfiguration;
			buildSettings = {
				BUNDLE_LOADER = "$(TEST_HOST)";
				FRAMEWORK_SEARCH_PATHS = (
					"$(SDKROOT)/Developer/Library/Frameworks",
					"$(inherited)",
				);
				INFOPLIST_FILE = TestSubUICollectionViewFlowLayoutTests/Info.plist;
				LD_RUNPATH_SEARCH_PATHS = "$(inherited) @executable_path/Frameworks @loader_path/Frameworks";
				PRODUCT_NAME = "$(TARGET_NAME)";
				TEST_HOST = "$(BUILT_PRODUCTS_DIR)/TestSubUICollectionViewFlowLayout.app/TestSubUICollectionViewFlowLayout";
			};
			name = Release;
		};
/* End XCBuildConfiguration section */

/* Begin XCConfigurationList section */
		6DA997D31B9A965600F98649 /* Build configuration list for PBXProject "TestSubUICollectionViewFlowLayout" */ = {
			isa = XCConfigurationList;
			buildConfigurations = (
				6DA997F91B9A965600F98649 /* Debug */,
				6DA997FA1B9A965600F98649 /* Release */,
			);
			defaultConfigurationIsVisible = 0;
			defaultConfigurationName = Release;
		};
		6DA997FB1B9A965600F98649 /* Build configuration list for PBXNativeTarget "TestSubUICollectionViewFlowLayout" */ = {
			isa = XCConfigurationList;
			buildConfigurations = (
				6DA997FC1B9A965600F98649 /* Debug */,
				6DA997FD1B9A965600F98649 /* Release */,
			);
			defaultConfigurationIsVisible = 0;
		};
		6DA997FE1B9A965600F98649 /* Build configuration list for PBXNativeTarget "TestSubUICollectionViewFlowLayoutTests" */ = {
			isa = XCConfigurationList;
			buildConfigurations = (
				6DA997FF1B9A965600F98649 /* Debug */,
				6DA998001B9A965600F98649 /* Release */,
			);
			defaultConfigurationIsVisible = 0;
		};
/* End XCConfigurationList section */
	};
	rootObject = 6DA997D01B9A965600F98649 /* Project object */;
}
